
Microsoft Visual Studio Solution File, Format Version 12.00
# Visual Studio Version 17
VisualStudioVersion = 17.9.34902.65
MinimumVisualStudioVersion = 10.0.40219.1
Project("{9A19103F-16F7-4668-BE54-9A1E7A4F7556}") = "Application", "src\Application\Application.csproj", "{6259A367-D438-4C33-831D-EDEACD750DCC}"
EndProject
Project("{9A19103F-16F7-4668-BE54-9A1E7A4F7556}") = "Domain", "src\Domain\Domain.csproj", "{8B79C0E7-64C6-4EFD-B0CA-7AF0F96F4AA8}"
EndProject
Project("{9A19103F-16F7-4668-BE54-9A1E7A4F7556}") = "Infrastructure", "src\Infrastructure\Infrastructure.csproj", "{9AE39C98-3167-4260-A199-C18E80A87128}"
EndProject
Project("{9A19103F-16F7-4668-BE54-9A1E7A4F7556}") = "Web", "src\Web\Web.csproj", "{12362966-D5DE-470B-B5D5-102877B75BF6}"
EndProject
Global
	GlobalSection(SolutionConfigurationPlatforms) = preSolution
		Debug|Any CPU = Debug|Any CPU
		Release|Any CPU = Release|Any CPU
	EndGlobalSection
	GlobalSection(ProjectConfigurationPlatforms) = postSolution
		{6259A367-D438-4C33-831D-EDEACD750DCC}.Debug|Any CPU.ActiveCfg = Debug|Any CPU
		{6259A367-D438-4C33-831D-EDEACD750DCC}.Debug|Any CPU.Build.0 = Debug|Any CPU
		{6259A367-D438-4C33-831D-EDEACD750DCC}.Release|Any CPU.ActiveCfg = Release|Any CPU
		{6259A367-D438-4C33-831D-EDEACD750DCC}.Release|Any CPU.Build.0 = Release|Any CPU
		{8B79C0E7-64C6-4EFD-B0CA-7AF0F96F4AA8}.Debug|Any CPU.ActiveCfg = Debug|Any CPU
		{8B79C0E7-64C6-4EFD-B0CA-7AF0F96F4AA8}.Debug|Any CPU.Build.0 = Debug|Any CPU
		{8B79C0E7-64C6-4EFD-B0CA-7AF0F96F4AA8}.Release|Any CPU.ActiveCfg = Release|Any CPU
		{8B79C0E7-64C6-4EFD-B0CA-7AF0F96F4AA8}.Release|Any CPU.Build.0 = Release|Any CPU
		{9AE39C98-3167-4260-A199-C18E80A87128}.Debug|Any CPU.ActiveCfg = Debug|Any CPU
		{9AE39C98-3167-4260-A199-C18E80A87128}.Debug|Any CPU.Build.0 = Debug|Any CPU
		{9AE39C98-3167-4260-A199-C18E80A87128}.Release|Any CPU.ActiveCfg = Release|Any CPU
		{9AE39C98-3167-4260-A199-C18E80A87128}.Release|Any CPU.Build.0 = Release|Any CPU
		{12362966-D5DE-470B-B5D5-102877B75BF6}.Debug|Any CPU.ActiveCfg = Debug|Any CPU
		{12362966-D5DE-470B-B5D5-102877B75BF6}.Debug|Any CPU.Build.0 = Debug|Any CPU
		{12362966-D5DE-470B-B5D5-102877B75BF6}.Release|Any CPU.ActiveCfg = Release|Any CPU
		{12362966-D5DE-470B-B5D5-102877B75BF6}.Release|Any CPU.Build.0 = Release|Any CPU
	EndGlobalSection
	GlobalSection(SolutionProperties) = preSolution
		HideSolutionNode = FALSE
	EndGlobalSection
	GlobalSection(ExtensibilityGlobals) = postSolution
		SolutionGuid = {3AF855C3-0A29-4088-85E2-7DB35DFB6F2F}
	EndGlobalSection
EndGlobal
