
Microsoft Visual Studio Solution File, Format Version 12.00
# Visual Studio Version 17
VisualStudioVersion = 17.9.34902.65
MinimumVisualStudioVersion = 10.0.40219.1
Project("{9A19103F-16F7-4668-BE54-9A1E7A4F7556}") = "Application", "src\Application\Application.csproj", "{6259A367-D438-4C33-831D-EDEACD750DCC}"
EndProject
Project("{9A19103F-16F7-4668-BE54-9A1E7A4F7556}") = "Domain", "src\Domain\Domain.csproj", "{8B79C0E7-64C6-4EFD-B0CA-7AF0F96F4AA8}"
EndProject
Project("{9A19103F-16F7-4668-BE54-9A1E7A4F7556}") = "Infrastructure", "src\Infrastructure\Infrastructure.csproj", "{9AE39C98-3167-4260-A199-C18E80A87128}"
EndProject
Project("{9A19103F-16F7-4668-BE54-9A1E7A4F7556}") = "Web", "src\Web\Web.csproj", "{12362966-D5DE-470B-B5D5-102877B75BF6}"
EndProject
Project("{2150E333-8FDC-42A3-9474-1A3956D46DE8}") = "Solution Items", "Solution Items", "{E2DA20AA-28D1-455C-BF50-C49A8F831633}"
	ProjectSection(SolutionItems) = preProject
		.editorconfig = .editorconfig
		.gitignore = .gitignore
		Directory.Build.props = Directory.Build.props
		Directory.Packages.props = Directory.Packages.props
		global.json = global.json
		README.md = README.md
	EndProjectSection
EndProject
Project("{9A19103F-16F7-4668-BE54-9A1E7A4F7556}") = "BlazorClient", "src\BlazorClient\BlazorClient.csproj", "{9BFC98B3-1981-4EE8-A219-77633785E7C1}"
EndProject
Global
	GlobalSection(SolutionConfigurationPlatforms) = preSolution
		Debug|Any CPU = Debug|Any CPU
		Release|Any CPU = Release|Any CPU
	EndGlobalSection
	GlobalSection(ProjectConfigurationPlatforms) = postSolution
		{6259A367-D438-4C33-831D-EDEACD750DCC}.Debug|Any CPU.ActiveCfg = Debug|Any CPU
		{6259A367-D438-4C33-831D-EDEACD750DCC}.Debug|Any CPU.Build.0 = Debug|Any CPU
		{6259A367-D438-4C33-831D-EDEACD750DCC}.Release|Any CPU.ActiveCfg = Release|Any CPU
		{6259A367-D438-4C33-831D-EDEACD750DCC}.Release|Any CPU.Build.0 = Release|Any CPU
		{8B79C0E7-64C6-4EFD-B0CA-7AF0F96F4AA8}.Debug|Any CPU.ActiveCfg = Debug|Any CPU
		{8B79C0E7-64C6-4EFD-B0CA-7AF0F96F4AA8}.Debug|Any CPU.Build.0 = Debug|Any CPU
		{8B79C0E7-64C6-4EFD-B0CA-7AF0F96F4AA8}.Release|Any CPU.ActiveCfg = Release|Any CPU
		{8B79C0E7-64C6-4EFD-B0CA-7AF0F96F4AA8}.Release|Any CPU.Build.0 = Release|Any CPU
		{9AE39C98-3167-4260-A199-C18E80A87128}.Debug|Any CPU.ActiveCfg = Debug|Any CPU
		{9AE39C98-3167-4260-A199-C18E80A87128}.Debug|Any CPU.Build.0 = Debug|Any CPU
		{9AE39C98-3167-4260-A199-C18E80A87128}.Release|Any CPU.ActiveCfg = Release|Any CPU
		{9AE39C98-3167-4260-A199-C18E80A87128}.Release|Any CPU.Build.0 = Release|Any CPU
		{12362966-D5DE-470B-B5D5-102877B75BF6}.Debug|Any CPU.ActiveCfg = Debug|Any CPU
		{12362966-D5DE-470B-B5D5-102877B75BF6}.Debug|Any CPU.Build.0 = Debug|Any CPU
		{12362966-D5DE-470B-B5D5-102877B75BF6}.Release|Any CPU.ActiveCfg = Release|Any CPU
		{12362966-D5DE-470B-B5D5-102877B75BF6}.Release|Any CPU.Build.0 = Release|Any CPU
		{9BFC98B3-1981-4EE8-A219-77633785E7C1}.Debug|Any CPU.ActiveCfg = Debug|Any CPU
		{9BFC98B3-1981-4EE8-A219-77633785E7C1}.Debug|Any CPU.Build.0 = Debug|Any CPU
		{9BFC98B3-1981-4EE8-A219-77633785E7C1}.Release|Any CPU.ActiveCfg = Release|Any CPU
		{9BFC98B3-1981-4EE8-A219-77633785E7C1}.Release|Any CPU.Build.0 = Release|Any CPU
	EndGlobalSection
	GlobalSection(SolutionProperties) = preSolution
		HideSolutionNode = FALSE
	EndGlobalSection
	GlobalSection(ExtensibilityGlobals) = postSolution
		SolutionGuid = {3AF855C3-0A29-4088-85E2-7DB35DFB6F2F}
	EndGlobalSection
EndGlobal
